// !$*UTF8*$!
{
	archiveVersion = 1;
	classes = {
	};
	objectVersion = 50;
	objects = {

/* Begin PBXBuildFile section */
		1046E7CA26C1DB0D00624CAA /* MenuViewController.swift in Sources */ = {isa = PBXBuildFile; fileRef = 1046E7C926C1DB0D00624CAA /* MenuViewController.swift */; };
		104DD30126BF0CDE0042A324 /* Shadow_regular.ttf in Resources */ = {isa = PBXBuildFile; fileRef = 104DD30026BF0CDB0042A324 /* Shadow_regular.ttf */; };
		10D229D726B0D4A50063433E /* AppDelegate.swift in Sources */ = {isa = PBXBuildFile; fileRef = 10D229D626B0D4A50063433E /* AppDelegate.swift */; };
		10D229DC26B0D4A50063433E /* Main.storyboard in Resources */ = {isa = PBXBuildFile; fileRef = 10D229DA26B0D4A50063433E /* Main.storyboard */; };
		10D229DE26B0D4A60063433E /* Assets.xcassets in Resources */ = {isa = PBXBuildFile; fileRef = 10D229DD26B0D4A60063433E /* Assets.xcassets */; };
		10D229E126B0D4A60063433E /* LaunchScreen.storyboard in Resources */ = {isa = PBXBuildFile; fileRef = 10D229DF26B0D4A60063433E /* LaunchScreen.storyboard */; };
		10D22A0626B3293E0063433E /* Card.swift in Sources */ = {isa = PBXBuildFile; fileRef = 10D229ED26B328740063433E /* Card.swift */; };
		10D22A0726B329420063433E /* CardCell.swift in Sources */ = {isa = PBXBuildFile; fileRef = 10D229EF26B3287A0063433E /* CardCell.swift */; };
		10D22A0826B329440063433E /* GameCell.swift in Sources */ = {isa = PBXBuildFile; fileRef = 10D229F026B3287A0063433E /* GameCell.swift */; };
		10D22A0926B329470063433E /* StartView.swift in Sources */ = {isa = PBXBuildFile; fileRef = 10D229F226B328800063433E /* StartView.swift */; };
		10D22A0B26B3294C0063433E /* CardView.swift in Sources */ = {isa = PBXBuildFile; fileRef = 10D229F426B328800063433E /* CardView.swift */; };
		10D22A0C26B3294E0063433E /* GameView.swift in Sources */ = {isa = PBXBuildFile; fileRef = 10D229F526B328800063433E /* GameView.swift */; };
		10D22A0D26B3298A0063433E /* GameViewController.swift in Sources */ = {isa = PBXBuildFile; fileRef = 10D229F826B328840063433E /* GameViewController.swift */; };
		10D22A0E26B3298A0063433E /* Random.swift in Sources */ = {isa = PBXBuildFile; fileRef = 10D229F926B328840063433E /* Random.swift */; };
		10D22A0F26B3298A0063433E /* GameViewControllerDelegates.swift in Sources */ = {isa = PBXBuildFile; fileRef = 10D229FA26B328840063433E /* GameViewControllerDelegates.swift */; };
		10D22A1326B329940063433E /* StartViewController.swift in Sources */ = {isa = PBXBuildFile; fileRef = 10D229FF26B328840063433E /* StartViewController.swift */; };
		10D22A1426B329940063433E /* ScrollDelegates.swift in Sources */ = {isa = PBXBuildFile; fileRef = 10D22A0026B328840063433E /* ScrollDelegates.swift */; };
		10D22A1526B329940063433E /* StartDelegates.swift in Sources */ = {isa = PBXBuildFile; fileRef = 10D22A0126B328840063433E /* StartDelegates.swift */; };
		10D22A1626B329970063433E /* UIColor.swift in Sources */ = {isa = PBXBuildFile; fileRef = 10D22A0326B328900063433E /* UIColor.swift */; };
		10D22A1726B329970063433E /* SnapPagingLayout.swift in Sources */ = {isa = PBXBuildFile; fileRef = 10D22A0426B328900063433E /* SnapPagingLayout.swift */; };
/* End PBXBuildFile section */

/* Begin PBXFileReference section */
		1046E7C926C1DB0D00624CAA /* MenuViewController.swift */ = {isa = PBXFileReference; lastKnownFileType = sourcecode.swift; path = MenuViewController.swift; sourceTree = "<group>"; };
		104DD30026BF0CDB0042A324 /* Shadow_regular.ttf */ = {isa = PBXFileReference; lastKnownFileType = file; path = Shadow_regular.ttf; sourceTree = "<group>"; };
		104DD30426BF0D750042A324 /* RF-Krabuler-Regular.otf */ = {isa = PBXFileReference; lastKnownFileType = file; path = "RF-Krabuler-Regular.otf"; sourceTree = "<group>"; };
		10D229D326B0D4A50063433E /* MEMOO.app */ = {isa = PBXFileReference; explicitFileType = wrapper.application; includeInIndex = 0; path = MEMOO.app; sourceTree = BUILT_PRODUCTS_DIR; };
		10D229D626B0D4A50063433E /* AppDelegate.swift */ = {isa = PBXFileReference; lastKnownFileType = sourcecode.swift; path = AppDelegate.swift; sourceTree = "<group>"; };
		10D229DB26B0D4A50063433E /* Base */ = {isa = PBXFileReference; lastKnownFileType = file.storyboard; name = Base; path = Base.lproj/Main.storyboard; sourceTree = "<group>"; };
		10D229DD26B0D4A60063433E /* Assets.xcassets */ = {isa = PBXFileReference; lastKnownFileType = folder.assetcatalog; path = Assets.xcassets; sourceTree = "<group>"; };
		10D229E026B0D4A60063433E /* Base */ = {isa = PBXFileReference; lastKnownFileType = file.storyboard; name = Base; path = Base.lproj/LaunchScreen.storyboard; sourceTree = "<group>"; };
		10D229E226B0D4A60063433E /* Info.plist */ = {isa = PBXFileReference; lastKnownFileType = text.plist.xml; path = Info.plist; sourceTree = "<group>"; };
		10D229ED26B328740063433E /* Card.swift */ = {isa = PBXFileReference; lastKnownFileType = sourcecode.swift; path = Card.swift; sourceTree = "<group>"; };
		10D229EF26B3287A0063433E /* CardCell.swift */ = {isa = PBXFileReference; lastKnownFileType = sourcecode.swift; path = CardCell.swift; sourceTree = "<group>"; };
		10D229F026B3287A0063433E /* GameCell.swift */ = {isa = PBXFileReference; lastKnownFileType = sourcecode.swift; path = GameCell.swift; sourceTree = "<group>"; };
		10D229F226B328800063433E /* StartView.swift */ = {isa = PBXFileReference; lastKnownFileType = sourcecode.swift; path = StartView.swift; sourceTree = "<group>"; };
		10D229F426B328800063433E /* CardView.swift */ = {isa = PBXFileReference; lastKnownFileType = sourcecode.swift; path = CardView.swift; sourceTree = "<group>"; };
		10D229F526B328800063433E /* GameView.swift */ = {isa = PBXFileReference; lastKnownFileType = sourcecode.swift; path = GameView.swift; sourceTree = "<group>"; };
		10D229F826B328840063433E /* GameViewController.swift */ = {isa = PBXFileReference; lastKnownFileType = sourcecode.swift; path = GameViewController.swift; sourceTree = "<group>"; };
		10D229F926B328840063433E /* Random.swift */ = {isa = PBXFileReference; lastKnownFileType = sourcecode.swift; path = Random.swift; sourceTree = "<group>"; };
		10D229FA26B328840063433E /* GameViewControllerDelegates.swift */ = {isa = PBXFileReference; lastKnownFileType = sourcecode.swift; path = GameViewControllerDelegates.swift; sourceTree = "<group>"; };
		10D229FF26B328840063433E /* StartViewController.swift */ = {isa = PBXFileReference; lastKnownFileType = sourcecode.swift; path = StartViewController.swift; sourceTree = "<group>"; };
		10D22A0026B328840063433E /* ScrollDelegates.swift */ = {isa = PBXFileReference; lastKnownFileType = sourcecode.swift; path = ScrollDelegates.swift; sourceTree = "<group>"; };
		10D22A0126B328840063433E /* StartDelegates.swift */ = {isa = PBXFileReference; lastKnownFileType = sourcecode.swift; path = StartDelegates.swift; sourceTree = "<group>"; };
		10D22A0326B328900063433E /* UIColor.swift */ = {isa = PBXFileReference; lastKnownFileType = sourcecode.swift; path = UIColor.swift; sourceTree = "<group>"; };
		10D22A0426B328900063433E /* SnapPagingLayout.swift */ = {isa = PBXFileReference; lastKnownFileType = sourcecode.swift; path = SnapPagingLayout.swift; sourceTree = "<group>"; };
/* End PBXFileReference section */

/* Begin PBXFrameworksBuildPhase section */
		10D229D026B0D4A50063433E /* Frameworks */ = {
			isa = PBXFrameworksBuildPhase;
			buildActionMask = 2147483647;
			files = (
			);
			runOnlyForDeploymentPostprocessing = 0;
		};
/* End PBXFrameworksBuildPhase section */

/* Begin PBXGroup section */
		104DD30526BF2AA40042A324 /* StartViewController */ = {
			isa = PBXGroup;
			children = (
				10D229FF26B328840063433E /* StartViewController.swift */,
				10D22A0126B328840063433E /* StartDelegates.swift */,
				10D22A0026B328840063433E /* ScrollDelegates.swift */,
			);
			path = StartViewController;
			sourceTree = "<group>";
		};
		10D229CA26B0D4A50063433E = {
			isa = PBXGroup;
			children = (
				10D229D526B0D4A50063433E /* MEMOO */,
				10D229D426B0D4A50063433E /* Products */,
			);
			sourceTree = "<group>";
		};
		10D229D426B0D4A50063433E /* Products */ = {
			isa = PBXGroup;
			children = (
				10D229D326B0D4A50063433E /* MEMOO.app */,
			);
			name = Products;
			sourceTree = "<group>";
		};
		10D229D526B0D4A50063433E /* MEMOO */ = {
			isa = PBXGroup;
			children = (
				10D229D626B0D4A50063433E /* AppDelegate.swift */,
				10D229DA26B0D4A50063433E /* Main.storyboard */,
				10D229EB26B328740063433E /* Models */,
				10D229EE26B3287A0063433E /* Cells */,
				10D229F126B328800063433E /* Views */,
				10D229F626B328840063433E /* Controllers */,
				10D22A0226B328900063433E /* HelpClasses */,
				10D229E826B328510063433E /* Resourses */,
				10D229DF26B0D4A60063433E /* LaunchScreen.storyboard */,
				10D229E226B0D4A60063433E /* Info.plist */,
			);
			path = MEMOO;
			sourceTree = "<group>";
		};
		10D229E826B328510063433E /* Resourses */ = {
			isa = PBXGroup;
			children = (
				10D229DD26B0D4A60063433E /* Assets.xcassets */,
				104DD30426BF0D750042A324 /* RF-Krabuler-Regular.otf */,
				104DD30026BF0CDB0042A324 /* Shadow_regular.ttf */,
			);
			path = Resourses;
			sourceTree = "<group>";
		};
		10D229EB26B328740063433E /* Models */ = {
			isa = PBXGroup;
			children = (
				10D229ED26B328740063433E /* Card.swift */,
			);
			path = Models;
			sourceTree = "<group>";
		};
		10D229EE26B3287A0063433E /* Cells */ = {
			isa = PBXGroup;
			children = (
				10D229F026B3287A0063433E /* GameCell.swift */,
				10D229EF26B3287A0063433E /* CardCell.swift */,
			);
			path = Cells;
			sourceTree = "<group>";
		};
		10D229F126B328800063433E /* Views */ = {
			isa = PBXGroup;
			children = (
				10D229F226B328800063433E /* StartView.swift */,
				10D229F426B328800063433E /* CardView.swift */,
				10D229F526B328800063433E /* GameView.swift */,
			);
			path = Views;
			sourceTree = "<group>";
		};
		10D229F626B328840063433E /* Controllers */ = {
			isa = PBXGroup;
			children = (
				104DD30526BF2AA40042A324 /* StartViewController */,
				10D229F726B328840063433E /* Game */,
				1046E7C926C1DB0D00624CAA /* MenuViewController.swift */,
			);
			path = Controllers;
			sourceTree = "<group>";
		};
		10D229F726B328840063433E /* Game */ = {
			isa = PBXGroup;
			children = (
				10D229F826B328840063433E /* GameViewController.swift */,
				10D229FA26B328840063433E /* GameViewControllerDelegates.swift */,
				10D229F926B328840063433E /* Random.swift */,
			);
			path = Game;
			sourceTree = "<group>";
		};
		10D22A0226B328900063433E /* HelpClasses */ = {
			isa = PBXGroup;
			children = (
				10D22A0326B328900063433E /* UIColor.swift */,
				10D22A0426B328900063433E /* SnapPagingLayout.swift */,
			);
			path = HelpClasses;
			sourceTree = "<group>";
		};
/* End PBXGroup section */

/* Begin PBXNativeTarget section */
		10D229D226B0D4A50063433E /* MEMOO */ = {
			isa = PBXNativeTarget;
			buildConfigurationList = 10D229E526B0D4A60063433E /* Build configuration list for PBXNativeTarget "MEMOO" */;
			buildPhases = (
				10D229CF26B0D4A50063433E /* Sources */,
				10D229D026B0D4A50063433E /* Frameworks */,
				10D229D126B0D4A50063433E /* Resources */,
			);
			buildRules = (
			);
			dependencies = (
			);
			name = MEMOO;
			productName = MEMOO;
			productReference = 10D229D326B0D4A50063433E /* MEMOO.app */;
			productType = "com.apple.product-type.application";
		};
/* End PBXNativeTarget section */

/* Begin PBXProject section */
		10D229CB26B0D4A50063433E /* Project object */ = {
			isa = PBXProject;
			attributes = {
				LastSwiftUpdateCheck = 1030;
				LastUpgradeCheck = 1030;
				ORGANIZATIONNAME = "Aleksey Dolinin";
				TargetAttributes = {
					10D229D226B0D4A50063433E = {
						CreatedOnToolsVersion = 10.3;
					};
				};
			};
			buildConfigurationList = 10D229CE26B0D4A50063433E /* Build configuration list for PBXProject "MEMOO" */;
			compatibilityVersion = "Xcode 9.3";
			developmentRegion = en;
			hasScannedForEncodings = 0;
			knownRegions = (
				en,
				Base,
			);
			mainGroup = 10D229CA26B0D4A50063433E;
			productRefGroup = 10D229D426B0D4A50063433E /* Products */;
			projectDirPath = "";
			projectRoot = "";
			targets = (
				10D229D226B0D4A50063433E /* MEMOO */,
			);
		};
/* End PBXProject section */

/* Begin PBXResourcesBuildPhase section */
		10D229D126B0D4A50063433E /* Resources */ = {
			isa = PBXResourcesBuildPhase;
			buildActionMask = 2147483647;
			files = (
				10D229E126B0D4A60063433E /* LaunchScreen.storyboard in Resources */,
				104DD30126BF0CDE0042A324 /* Shadow_regular.ttf in Resources */,
				10D229DE26B0D4A60063433E /* Assets.xcassets in Resources */,
				10D229DC26B0D4A50063433E /* Main.storyboard in Resources */,
			);
			runOnlyForDeploymentPostprocessing = 0;
		};
/* End PBXResourcesBuildPhase section */

/* Begin PBXSourcesBuildPhase section */
		10D229CF26B0D4A50063433E /* Sources */ = {
			isa = PBXSourcesBuildPhase;
			buildActionMask = 2147483647;
			files = (
				10D22A1526B329940063433E /* StartDelegates.swift in Sources */,
				10D22A1326B329940063433E /* StartViewController.swift in Sources */,
				10D22A0826B329440063433E /* GameCell.swift in Sources */,
				10D22A0F26B3298A0063433E /* GameViewControllerDelegates.swift in Sources */,
				10D229D726B0D4A50063433E /* AppDelegate.swift in Sources */,
				10D22A1726B329970063433E /* SnapPagingLayout.swift in Sources */,
				10D22A0626B3293E0063433E /* Card.swift in Sources */,
				1046E7CA26C1DB0D00624CAA /* MenuViewController.swift in Sources */,
				10D22A1626B329970063433E /* UIColor.swift in Sources */,
				10D22A0926B329470063433E /* StartView.swift in Sources */,
				10D22A1426B329940063433E /* ScrollDelegates.swift in Sources */,
				10D22A0726B329420063433E /* CardCell.swift in Sources */,
				10D22A0C26B3294E0063433E /* GameView.swift in Sources */,
				10D22A0B26B3294C0063433E /* CardView.swift in Sources */,
				10D22A0D26B3298A0063433E /* GameViewController.swift in Sources */,
				10D22A0E26B3298A0063433E /* Random.swift in Sources */,
			);
			runOnlyForDeploymentPostprocessing = 0;
		};
/* End PBXSourcesBuildPhase section */

/* Begin PBXVariantGroup section */
		10D229DA26B0D4A50063433E /* Main.storyboard */ = {
			isa = PBXVariantGroup;
			children = (
				10D229DB26B0D4A50063433E /* Base */,
			);
			name = Main.storyboard;
			sourceTree = "<group>";
		};
		10D229DF26B0D4A60063433E /* LaunchScreen.storyboard */ = {
			isa = PBXVariantGroup;
			children = (
				10D229E026B0D4A60063433E /* Base */,
			);
			name = LaunchScreen.storyboard;
			sourceTree = "<group>";
		};
/* End PBXVariantGroup section */

/* Begin XCBuildConfiguration section */
		10D229E326B0D4A60063433E /* Debug */ = {
			isa = XCBuildConfiguration;
			buildSettings = {
				ALWAYS_SEARCH_USER_PATHS = NO;
				CLANG_ANALYZER_NONNULL = YES;
				CLANG_ANALYZER_NUMBER_OBJECT_CONVERSION = YES_AGGRESSIVE;
				CLANG_CXX_LANGUAGE_STANDARD = "gnu++14";
				CLANG_CXX_LIBRARY = "libc++";
				CLANG_ENABLE_MODULES = YES;
				CLANG_ENABLE_OBJC_ARC = YES;
				CLANG_ENABLE_OBJC_WEAK = YES;
				CLANG_WARN_BLOCK_CAPTURE_AUTORELEASING = YES;
				CLANG_WARN_BOOL_CONVERSION = YES;
				CLANG_WARN_COMMA = YES;
				CLANG_WARN_CONSTANT_CONVERSION = YES;
				CLANG_WARN_DEPRECATED_OBJC_IMPLEMENTATIONS = YES;
				CLANG_WARN_DIRECT_OBJC_ISA_USAGE = YES_ERROR;
				CLANG_WARN_DOCUMENTATION_COMMENTS = YES;
				CLANG_WARN_EMPTY_BODY = YES;
				CLANG_WARN_ENUM_CONVERSION = YES;
				CLANG_WARN_INFINITE_RECURSION = YES;
				CLANG_WARN_INT_CONVERSION = YES;
				CLANG_WARN_NON_LITERAL_NULL_CONVERSION = YES;
				CLANG_WARN_OBJC_IMPLICIT_RETAIN_SELF = YES;
				CLANG_WARN_OBJC_LITERAL_CONVERSION = YES;
				CLANG_WARN_OBJC_ROOT_CLASS = YES_ERROR;
				CLANG_WARN_RANGE_LOOP_ANALYSIS = YES;
				CLANG_WARN_STRICT_PROTOTYPES = YES;
				CLANG_WARN_SUSPICIOUS_MOVE = YES;
				CLANG_WARN_UNGUARDED_AVAILABILITY = YES_AGGRESSIVE;
				CLANG_WARN_UNREACHABLE_CODE = YES;
				CLANG_WARN__DUPLICATE_METHOD_MATCH = YES;
				CODE_SIGN_IDENTITY = "iPhone Developer";
				COPY_PHASE_STRIP = NO;
				DEBUG_INFORMATION_FORMAT = dwarf;
				ENABLE_STRICT_OBJC_MSGSEND = YES;
				ENABLE_TESTABILITY = YES;
				GCC_C_LANGUAGE_STANDARD = gnu11;
				GCC_DYNAMIC_NO_PIC = NO;
				GCC_NO_COMMON_BLOCKS = YES;
				GCC_OPTIMIZATION_LEVEL = 0;
				GCC_PREPROCESSOR_DEFINITIONS = (
					"DEBUG=1",
					"$(inherited)",
				);
				GCC_WARN_64_TO_32_BIT_CONVERSION = YES;
				GCC_WARN_ABOUT_RETURN_TYPE = YES_ERROR;
				GCC_WARN_UNDECLARED_SELECTOR = YES;
				GCC_WARN_UNINITIALIZED_AUTOS = YES_AGGRESSIVE;
				GCC_WARN_UNUSED_FUNCTION = YES;
				GCC_WARN_UNUSED_VARIABLE = YES;
				IPHONEOS_DEPLOYMENT_TARGET = 12.4;
				MTL_ENABLE_DEBUG_INFO = INCLUDE_SOURCE;
				MTL_FAST_MATH = YES;
				ONLY_ACTIVE_ARCH = YES;
				SDKROOT = iphoneos;
				SWIFT_ACTIVE_COMPILATION_CONDITIONS = DEBUG;
				SWIFT_OPTIMIZATION_LEVEL = "-Onone";
			};
			name = Debug;
		};
		10D229E426B0D4A60063433E /* Release */ = {
			isa = XCBuildConfiguration;
			buildSettings = {
				ALWAYS_SEARCH_USER_PATHS = NO;
				CLANG_ANALYZER_NONNULL = YES;
				CLANG_ANALYZER_NUMBER_OBJECT_CONVERSION = YES_AGGRESSIVE;
				CLANG_CXX_LANGUAGE_STANDARD = "gnu++14";
				CLANG_CXX_LIBRARY = "libc++";
				CLANG_ENABLE_MODULES = YES;
				CLANG_ENABLE_OBJC_ARC = YES;
				CLANG_ENABLE_OBJC_WEAK = YES;
				CLANG_WARN_BLOCK_CAPTURE_AUTORELEASING = YES;
				CLANG_WARN_BOOL_CONVERSION = YES;
				CLANG_WARN_COMMA = YES;
				CLANG_WARN_CONSTANT_CONVERSION = YES;
				CLANG_WARN_DEPRECATED_OBJC_IMPLEMENTATIONS = YES;
				CLANG_WARN_DIRECT_OBJC_ISA_USAGE = YES_ERROR;
				CLANG_WARN_DOCUMENTATION_COMMENTS = YES;
				CLANG_WARN_EMPTY_BODY = YES;
				CLANG_WARN_ENUM_CONVERSION = YES;
				CLANG_WARN_INFINITE_RECURSION = YES;
				CLANG_WARN_INT_CONVERSION = YES;
				CLANG_WARN_NON_LITERAL_NULL_CONVERSION = YES;
				CLANG_WARN_OBJC_IMPLICIT_RETAIN_SELF = YES;
				CLANG_WARN_OBJC_LITERAL_CONVERSION = YES;
				CLANG_WARN_OBJC_ROOT_CLASS = YES_ERROR;
				CLANG_WARN_RANGE_LOOP_ANALYSIS = YES;
				CLANG_WARN_STRICT_PROTOTYPES = YES;
				CLANG_WARN_SUSPICIOUS_MOVE = YES;
				CLANG_WARN_UNGUARDED_AVAILABILITY = YES_AGGRESSIVE;
				CLANG_WARN_UNREACHABLE_CODE = YES;
				CLANG_WARN__DUPLICATE_METHOD_MATCH = YES;
				CODE_SIGN_IDENTITY = "iPhone Developer";
				COPY_PHASE_STRIP = NO;
				DEBUG_INFORMATION_FORMAT = "dwarf-with-dsym";
				ENABLE_NS_ASSERTIONS = NO;
				ENABLE_STRICT_OBJC_MSGSEND = YES;
				GCC_C_LANGUAGE_STANDARD = gnu11;
				GCC_NO_COMMON_BLOCKS = YES;
				GCC_WARN_64_TO_32_BIT_CONVERSION = YES;
				GCC_WARN_ABOUT_RETURN_TYPE = YES_ERROR;
				GCC_WARN_UNDECLARED_SELECTOR = YES;
				GCC_WARN_UNINITIALIZED_AUTOS = YES_AGGRESSIVE;
				GCC_WARN_UNUSED_FUNCTION = YES;
				GCC_WARN_UNUSED_VARIABLE = YES;
				IPHONEOS_DEPLOYMENT_TARGET = 12.4;
				MTL_ENABLE_DEBUG_INFO = NO;
				MTL_FAST_MATH = YES;
				SDKROOT = iphoneos;
				SWIFT_COMPILATION_MODE = wholemodule;
				SWIFT_OPTIMIZATION_LEVEL = "-O";
				VALIDATE_PRODUCT = YES;
			};
			name = Release;
		};
		10D229E626B0D4A60063433E /* Debug */ = {
			isa = XCBuildConfiguration;
			buildSettings = {
				ASSETCATALOG_COMPILER_APPICON_NAME = AppIcon;
				CODE_SIGN_STYLE = Automatic;
				DEVELOPMENT_TEAM = 363MVUJWQJ;
				INFOPLIST_FILE = MEMOO/Info.plist;
				LD_RUNPATH_SEARCH_PATHS = (
					"$(inherited)",
					"@executable_path/Frameworks",
				);
				PRODUCT_BUNDLE_IDENTIFIER = com.alekseydolinin.MEMOO;
				PRODUCT_NAME = "$(TARGET_NAME)";
				SWIFT_VERSION = 5.0;
				TARGETED_DEVICE_FAMILY = "1,2";
			};
			name = Debug;
		};
		10D229E726B0D4A60063433E /* Release */ = {
			isa = XCBuildConfiguration;
			buildSettings = {
				ASSETCATALOG_COMPILER_APPICON_NAME = AppIcon;
				CODE_SIGN_STYLE = Automatic;
				DEVELOPMENT_TEAM = 363MVUJWQJ;
				INFOPLIST_FILE = MEMOO/Info.plist;
				LD_RUNPATH_SEARCH_PATHS = (
					"$(inherited)",
					"@executable_path/Frameworks",
				);
				PRODUCT_BUNDLE_IDENTIFIER = com.alekseydolinin.MEMOO;
				PRODUCT_NAME = "$(TARGET_NAME)";
				SWIFT_VERSION = 5.0;
				TARGETED_DEVICE_FAMILY = "1,2";
			};
			name = Release;
		};
/* End XCBuildConfiguration section */

/* Begin XCConfigurationList section */
		10D229CE26B0D4A50063433E /* Build configuration list for PBXProject "MEMOO" */ = {
			isa = XCConfigurationList;
			buildConfigurations = (
				10D229E326B0D4A60063433E /* Debug */,
				10D229E426B0D4A60063433E /* Release */,
			);
			defaultConfigurationIsVisible = 0;
			defaultConfigurationName = Release;
		};
		10D229E526B0D4A60063433E /* Build configuration list for PBXNativeTarget "MEMOO" */ = {
			isa = XCConfigurationList;
			buildConfigurations = (
				10D229E626B0D4A60063433E /* Debug */,
				10D229E726B0D4A60063433E /* Release */,
			);
			defaultConfigurationIsVisible = 0;
			defaultConfigurationName = Release;
		};
/* End XCConfigurationList section */
	};
	rootObject = 10D229CB26B0D4A50063433E /* Project object */;
}
